{
    "_meta": {
        "hash": {
            "sha256": "ae8012caa401f3115ad8d2e9e12df9218b984fcae5bdfabc6270228d12a6142f"
        },
        "pipfile-spec": 6,
        "requires": {
            "python_version": "3.7"
        },
        "sources": [
            {
                "name": "pypi",
                "url": "https://pypi.org/simple",
                "verify_ssl": true
            }
        ]
    },
    "default": {
        "certifi": {
            "hashes": [
                "sha256:1d987a998c75633c40847cc966fcf5904906c920a7f17ef374f5aa4282abd304",
                "sha256:51fcb31174be6e6664c5f69e3e1691a2d72a1a12e90f872cbdb1567eb47b6519"
            ],
            "version": "==2020.4.5.1"
        },
        "chardet": {
            "hashes": [
                "sha256:84ab92ed1c4d4f16916e05906b6b75a6c0fb5db821cc65e70cbd64a3e2a5eaae",
                "sha256:fc323ffcaeaed0e0a02bf4d117757b98aed530d9ed4531e3e15460124c106691"
            ],
            "version": "==3.0.4"
        },
        "click": {
            "hashes": [
                "sha256:d2b5255c7c6349bc1bd1e59e08cd12acbbd63ce649f2588755783aa94dfb6b1a",
                "sha256:dacca89f4bfadd5de3d7489b7c8a566eee0d3676333fbb50030263894c38c0dc"
            ],
            "index": "pypi",
            "version": "==7.1.2"
        },
        "idna": {
            "hashes": [
                "sha256:7588d1c14ae4c77d74036e8c22ff447b26d0fde8f007354fd48a7814db15b7cb",
                "sha256:a068a21ceac8a4d63dbfd964670474107f541babbd2250d61922f029858365fa"
            ],
            "version": "==2.9"
        },
        "prompt-toolkit": {
            "hashes": [
                "sha256:7281b5199235adaef6980942840c43753e4ab20dfe41338da634fb41c194f9d8",
                "sha256:82c7f8e07d7a0411ff5367a5a8ff520f0112b9179f3e599ee8ad2ad9b943d911",
                "sha256:cc66413b1b4b17021675d9f2d15d57e640b06ddfd99bb724c73484126d22622f"
            ],
            "version": "==1.0.14"
        },
        "pycli": {
            "hashes": [
                "sha256:bc53e6c5db031ae1c05d131641f153d22a201c5e82cc8c9324a945752efbb622"
            ],
            "index": "pypi",
            "version": "==2.0.3"
        },
        "pyfiglet": {
            "hashes": [
                "sha256:c6c2321755d09267b438ec7b936825a4910fec696292139e664ca8670e103639",
                "sha256:d555bcea17fbeaf70eaefa48bb119352487e629c9b56f30f383e2c62dd67a01c"
            ],
            "index": "pypi",
            "version": "==0.8.post1"
        },
        "pygments": {
            "hashes": [
                "sha256:647344a061c249a3b74e230c739f434d7ea4d8b1d5f3721bc0f3558049b38f44",
                "sha256:ff7a40b4860b727ab48fad6360eb351cc1b33cbf9b15a0f689ca5353e9463324"
            ],
            "version": "==2.6.1"
        },
        "pyinquirer": {
            "hashes": [
                "sha256:c9a92d68d7727fbd886a7908c08fd9e9773e5dc211bf5cbf836ba90d366dee51"
            ],
            "index": "pypi",
            "version": "==1.0.3"
        },
        "pysmartdl": {
            "hashes": [
                "sha256:7cf106f8aae69c322aa99b8d9a8174e6bb4df0bd9f6425843cb077e8fe8348a3",
                "sha256:b4f539301c7dca991dd7722427f51b6afa0aa605493bfaee8615cb242e3d6aa6"
            ],
            "index": "pypi",
            "version": "==1.3.3"
        },
        "regex": {
            "hashes": [
                "sha256:1386e75c9d1574f6aa2e4eb5355374c8e55f9aac97e224a8a5a6abded0f9c927",
                "sha256:27ff7325b297fb6e5ebb70d10437592433601c423f5acf86e5bc1ee2919b9561",
                "sha256:329ba35d711e3428db6b45a53b1b13a0a8ba07cbbcf10bbed291a7da45f106c3",
                "sha256:3a9394197664e35566242686d84dfd264c07b20f93514e2e09d3c2b3ffdf78fe",
                "sha256:51f17abbe973c7673a61863516bdc9c0ef467407a940f39501e786a07406699c",
                "sha256:579ea215c81d18da550b62ff97ee187b99f1b135fd894a13451e00986a080cad",
                "sha256:70c14743320a68c5dac7fc5a0f685be63bc2024b062fe2aaccc4acc3d01b14a1",
                "sha256:7e61be8a2900897803c293247ef87366d5df86bf701083b6c43119c7c6c99108",
                "sha256:8044d1c085d49673aadb3d7dc20ef5cb5b030c7a4fa253a593dda2eab3059929",
                "sha256:89d76ce33d3266173f5be80bd4efcbd5196cafc34100fdab814f9b228dee0fa4",
                "sha256:99568f00f7bf820c620f01721485cad230f3fb28f57d8fbf4a7967ec2e446994",
                "sha256:a7c37f048ec3920783abab99f8f4036561a174f1314302ccfa4e9ad31cb00eb4",
                "sha256:c2062c7d470751b648f1cacc3f54460aebfc261285f14bc6da49c6943bd48bdd",
                "sha256:c9bce6e006fbe771a02bda468ec40ffccbf954803b470a0345ad39c603402577",
                "sha256:ce367d21f33e23a84fb83a641b3834dd7dd8e9318ad8ff677fbfae5915a239f7",
                "sha256:ce450ffbfec93821ab1fea94779a8440e10cf63819be6e176eb1973a6017aff5",
                "sha256:ce5cc53aa9fbbf6712e92c7cf268274eaff30f6bd12a0754e8133d85a8fb0f5f",
                "sha256:d466967ac8e45244b9dfe302bbe5e3337f8dc4dec8d7d10f5e950d83b140d33a",
                "sha256:d881c2e657c51d89f02ae4c21d9adbef76b8325fe4d5cf0e9ad62f850f3a98fd",
                "sha256:e565569fc28e3ba3e475ec344d87ed3cd8ba2d575335359749298a0899fe122e",
                "sha256:ea55b80eb0d1c3f1d8d784264a6764f931e172480a2f1868f2536444c5f01e01"
            ],
            "version": "==2020.5.14"
        },
        "requests": {
            "hashes": [
                "sha256:43999036bfa82904b6af1d99e4882b560e5e2c68e5c4b0aa03b655f3d7d73fee",
                "sha256:b3f43d496c6daba4493e7c431722aeb7dbc6288f52a6e04e7b6023b0247817e6"
            ],
            "index": "pypi",
            "version": "==2.23.0"
        },
        "six": {
            "hashes": [
                "sha256:236bdbdce46e6e6a3d61a337c0f8b763ca1e8717c03b369e87a7ec7ce1319c0a",
                "sha256:8f3cd2e254d8f793e7f3d6d9df77b92252b52637291d0f0da013c76ea2724b6c"
            ],
            "version": "==1.14.0"
        },
        "tqdm": {
            "hashes": [
                "sha256:4733c4a10d0f2a4d098d801464bdaf5240c7dadd2a7fde4ee93b0a0efd9fb25e",
                "sha256:acdafb20f51637ca3954150d0405ff1a7edde0ff19e38fb99a80a66210d2a28f"
            ],
            "index": "pypi",
            "version": "==4.46.0"
        },
        "urllib3": {
            "hashes": [
                "sha256:3018294ebefce6572a474f0604c2021e33b3fd8006ecd11d62107a5d2a963527",
                "sha256:88206b0eb87e6d677d424843ac5209e3fb9d0190d0ee169599165ec25e9d9115"
            ],
            "version": "==1.25.9"
        },
        "wcwidth": {
            "hashes": [
                "sha256:cafe2186b3c009a04067022ce1dcd79cb38d8d65ee4f4791b8888d6599d1bbe1",
                "sha256:ee73862862a156bf77ff92b09034fc4825dd3af9cf81bc5b360668d425f3c5f1"
            ],
            "version": "==0.1.9"
        },
        "yelpapi": {
            "hashes": [
                "sha256:c51afd23bfbb4c3a707f73a4023a5d36220aa6ccc5f8af61f22628f340efaac4",
                "sha256:c58e7286115ec69ad57cf9ea54b52187f6a9bf823d1e1914eb10b8a64419bcbb"
            ],
            "index": "pypi",
            "version": "==2.4.0"
        }
    },
    "develop": {}
}
